<?xml version="1.0" encoding="utf-8"?>
<Project ToolsVersion="4.0" xmlns="http://schemas.microsoft.com/developer/msbuild/2003">
  <ItemGroup>
    <Filter Include="Source Files">
      <UniqueIdentifier>{4FC737F1-C7A5-4376-A066-2A32D752A2FF}</UniqueIdentifier>
      <Extensions>
      </Extensions>
    </Filter>
    <Filter Include="Header Files">
      <UniqueIdentifier>{93995380-89BD-4b04-88EB-625FBE52EBFB}</UniqueIdentifier>
      <Extensions>
      </Extensions>
    </Filter>
    <Filter Include="Resource Files">
      <UniqueIdentifier>{67DA6AB6-F800-4c08-8B7A-83BB121AAD01}</UniqueIdentifier>
      <Extensions>rc;ico;cur;bmp;dlg;rc2;rct;bin;rgs;gif;jpg;jpeg;jpe;resx;tiff;tif;png;wav;mfcribbon-ms</Extensions>
    </Filter>
    <Filter Include="ResorsceManager">
      <UniqueIdentifier>{e961af70-a62f-4182-aaeb-734ccac5d7e1}</UniqueIdentifier>
    </Filter>
    <Filter Include="ResorsceManager\Resource">
      <UniqueIdentifier>{5768f997-db94-49ee-b594-5915955bcad6}</UniqueIdentifier>
    </Filter>
    <Filter Include="GUI">
      <UniqueIdentifier>{dd6c5624-3d59-499b-9ee7-4fc6120de710}</UniqueIdentifier>
    </Filter>
    <Filter Include="Core">
      <UniqueIdentifier>{99a488a0-998c-4db7-a578-e495c11deab6}</UniqueIdentifier>
    </Filter>
    <Filter Include="Core\OpenGL">
      <UniqueIdentifier>{c1f9d145-3e42-4f0a-b99e-84ed1d9db4eb}</UniqueIdentifier>
    </Filter>
    <Filter Include="Core\OpenGL\Shaders">
      <UniqueIdentifier>{ddb66232-afa8-4f0d-a1cd-0d7f94d30e8e}</UniqueIdentifier>
    </Filter>
    <Filter Include="Core\Mesh">
      <UniqueIdentifier>{a8e51972-2786-4288-a599-bdd28ef5452b}</UniqueIdentifier>
    </Filter>
    <Filter Include="Core\Engine">
      <UniqueIdentifier>{fbc2c17c-9557-411b-a825-43d0a7c8a24e}</UniqueIdentifier>
    </Filter>
    <Filter Include="Core\Engine\Timer">
      <UniqueIdentifier>{919a5d45-14c3-4d67-b544-90a7c915d5f0}</UniqueIdentifier>
    </Filter>
    <Filter Include="Core\Engine\Core">
      <UniqueIdentifier>{20d8af1a-ea77-4e37-8a27-e83c030df26d}</UniqueIdentifier>
    </Filter>
    <Filter Include="Core\Engine\Systems">
      <UniqueIdentifier>{6a0fa2f0-a099-46f8-a9bf-4d468f151187}</UniqueIdentifier>
    </Filter>
    <Filter Include="Core\Engine\Systems\Render">
      <UniqueIdentifier>{e28ecb90-fcfc-463f-aa19-8559dd065b89}</UniqueIdentifier>
    </Filter>
    <Filter Include="Core\Engine\Systems\Logic">
      <UniqueIdentifier>{caed1508-cea6-4f61-bc96-e5f2bef99b92}</UniqueIdentifier>
    </Filter>
    <Filter Include="Core\Engine\Event">
      <UniqueIdentifier>{e22c3e17-a2da-4d77-8082-8406d9bba498}</UniqueIdentifier>
    </Filter>
    <Filter Include="GUI\EntityInspector">
      <UniqueIdentifier>{52f01901-89fb-41cf-ad3d-9e1a4a097beb}</UniqueIdentifier>
    </Filter>
    <Filter Include="Data Base">
      <UniqueIdentifier>{00a05290-6fff-4375-ad7f-54060b61d162}</UniqueIdentifier>
    </Filter>
  </ItemGroup>
  <ItemGroup>
    <ClInclude Include="3DEngine.h">
      <Filter>Header Files</Filter>
    </ClInclude>
    <ClInclude Include="framework.h">
      <Filter>Header Files</Filter>
    </ClInclude>
    <ClInclude Include="targetver.h">
      <Filter>Header Files</Filter>
    </ClInclude>
    <ClInclude Include="MainFrm.h">
      <Filter>Header Files</Filter>
    </ClInclude>
    <ClInclude Include="3DEngineDoc.h">
      <Filter>Header Files</Filter>
    </ClInclude>
    <ClInclude Include="3DEngineView.h">
      <Filter>Header Files</Filter>
    </ClInclude>
    <ClInclude Include="Resource.h">
      <Filter>Header Files</Filter>
    </ClInclude>
    <ClInclude Include="pch.h">
      <Filter>Header Files</Filter>
    </ClInclude>
    <ClInclude Include="OpenGL.h">
      <Filter>Core\OpenGL</Filter>
    </ClInclude>
    <ClInclude Include="stb_image.h">
      <Filter>Header Files</Filter>
    </ClInclude>
    <ClInclude Include="MeshGenerator.h">
      <Filter>Core\Mesh</Filter>
    </ClInclude>
    <ClInclude Include="Mesh.h">
      <Filter>Core\Mesh</Filter>
    </ClInclude>
    <ClInclude Include="ResourceManager.h">
      <Filter>ResorsceManager</Filter>
    </ClInclude>
    <ClInclude Include="ShaderProgram.h">
      <Filter>ResorsceManager\Resource</Filter>
    </ClInclude>
    <ClInclude Include="Sprite.h">
      <Filter>ResorsceManager\Resource</Filter>
    </ClInclude>
    <ClInclude Include="Texture2D.h">
      <Filter>ResorsceManager\Resource</Filter>
    </ClInclude>
    <ClInclude Include="Timer.h">
      <Filter>Core\Engine\Timer</Filter>
    </ClInclude>
    <ClInclude Include="SparseSet.h">
      <Filter>Core\Engine\Core</Filter>
    </ClInclude>
    <ClInclude Include="Registry.h">
      <Filter>Core\Engine\Core</Filter>
    </ClInclude>
    <ClInclude Include="ISystem.h">
      <Filter>Core\Engine\Systems</Filter>
    </ClInclude>
    <ClInclude Include="InputManager.h">
      <Filter>Core\Engine</Filter>
    </ClInclude>
    <ClInclude Include="ECS.h">
      <Filter>Core\Engine\Core</Filter>
    </ClInclude>
    <ClInclude Include="EventDispatcher.h">
      <Filter>Core\Engine\Event</Filter>
    </ClInclude>
    <ClInclude Include="BasicRenderSystem.h">
      <Filter>Core\Engine\Systems\Render</Filter>
    </ClInclude>
    <ClInclude Include="Components.h">
      <Filter>Core\Engine</Filter>
    </ClInclude>
    <ClInclude Include="CameraControlSystem.h">
      <Filter>Core\Engine\Systems\Logic</Filter>
    </ClInclude>
    <ClInclude Include="TextRenderSystem.h">
      <Filter>Core\Engine\Systems\Render</Filter>
    </ClInclude>
    <ClInclude Include="CEntityTreePane.h">
      <Filter>GUI\EntityInspector</Filter>
    </ClInclude>
    <ClInclude Include="Events.h">
      <Filter>Core\Engine\Event</Filter>
    </ClInclude>
    <ClInclude Include="DataBaseConnection.h">
      <Filter>Data Base</Filter>
    </ClInclude>
    <ClInclude Include="DataBaseCommunicateSystem.h">
      <Filter>Core\Engine\Systems\Logic</Filter>
    </ClInclude>
    <ClInclude Include="CEntityPropertyPane.h">
      <Filter>GUI\EntityInspector</Filter>
    </ClInclude>
    <ClInclude Include="SpinAroundSystem.h">
      <Filter>Core\Engine\Systems\Logic</Filter>
    </ClInclude>
  </ItemGroup>
  <ItemGroup>
    <ClCompile Include="3DEngine.cpp">
      <Filter>Source Files</Filter>
    </ClCompile>
    <ClCompile Include="MainFrm.cpp">
      <Filter>Source Files</Filter>
    </ClCompile>
    <ClCompile Include="3DEngineDoc.cpp">
      <Filter>Source Files</Filter>
    </ClCompile>
    <ClCompile Include="3DEngineView.cpp">
      <Filter>Source Files</Filter>
    </ClCompile>
    <ClCompile Include="pch.cpp">
      <Filter>Source Files</Filter>
    </ClCompile>
    <ClCompile Include="OpenGL.cpp">
      <Filter>Core\OpenGL</Filter>
    </ClCompile>
    <ClCompile Include="MeshGenerator.cpp">
      <Filter>Core\Mesh</Filter>
    </ClCompile>
    <ClCompile Include="Mesh.cpp">
      <Filter>Core\Mesh</Filter>
    </ClCompile>
    <ClCompile Include="ResourceManager.cpp">
      <Filter>ResorsceManager</Filter>
    </ClCompile>
    <ClCompile Include="ShaderProgram.cpp">
      <Filter>ResorsceManager\Resource</Filter>
    </ClCompile>
    <ClCompile Include="Sprite.cpp">
      <Filter>ResorsceManager\Resource</Filter>
    </ClCompile>
    <ClCompile Include="Texture2D.cpp">
      <Filter>ResorsceManager\Resource</Filter>
    </ClCompile>
    <ClCompile Include="Timer.cpp">
      <Filter>Core\Engine\Timer</Filter>
    </ClCompile>
    <ClCompile Include="BasicRenderSystem.cpp">
      <Filter>Core\Engine\Systems\Render</Filter>
    </ClCompile>
    <ClCompile Include="CameraControlSystem.cpp">
      <Filter>Core\Engine\Systems\Logic</Filter>
    </ClCompile>
    <ClCompile Include="TextRenderSystem.cpp">
      <Filter>Core\Engine\Systems\Render</Filter>
    </ClCompile>
    <ClCompile Include="CEntityTreePane.cpp">
      <Filter>GUI\EntityInspector</Filter>
    </ClCompile>
    <ClCompile Include="DataBaseConnection.cpp">
      <Filter>Data Base</Filter>
    </ClCompile>
    <ClCompile Include="DataBaseCommunicateSystem.cpp">
      <Filter>Core\Engine\Systems\Logic</Filter>
    </ClCompile>
    <ClCompile Include="CEntityPropertyPane.cpp">
      <Filter>GUI\EntityInspector</Filter>
    </ClCompile>
    <ClCompile Include="SpinAroundSystem.cpp">
      <Filter>Core\Engine\Systems\Logic</Filter>
    </ClCompile>
  </ItemGroup>
  <ItemGroup>
    <ResourceCompile Include="My3DEngine.rc">
      <Filter>Resource Files</Filter>
    </ResourceCompile>
  </ItemGroup>
  <ItemGroup>
    <None Include="res\My3DEngine.rc2">
      <Filter>Resource Files</Filter>
    </None>
    <None Include="Shaders\spriteTest.frag">
      <Filter>Core\OpenGL\Shaders</Filter>
    </None>
    <None Include="Shaders\spriteTest.vert">
      <Filter>Core\OpenGL\Shaders</Filter>
    </None>
    <None Include="Shaders\basic.vert">
      <Filter>Core\OpenGL\Shaders</Filter>
    </None>
    <None Include="Shaders\basic.frag">
      <Filter>Core\OpenGL\Shaders</Filter>
    </None>
  </ItemGroup>
  <ItemGroup>
    <Image Include="res\3DEngineDoc.ico">
      <Filter>Resource Files</Filter>
    </Image>
    <Image Include="res\3DEngine.ico">
      <Filter>Resource Files</Filter>
    </Image>
  </ItemGroup>
</Project>